dependencies:
- name: llm-service
  repository: https://rh-ai-quickstart.github.io/ai-architecture-charts
<<<<<<< HEAD
  version: 0.5.4
- name: llama-stack
  repository: https://rh-ai-quickstart.github.io/ai-architecture-charts
  version: 0.5.3
- name: llama-stack-instance
  repository: file://llama-stack-instance
  version: 1.0.0
- name: pgvector
  repository: https://rh-ai-quickstart.github.io/ai-architecture-charts
  version: 0.5.0
digest: sha256:23b12ac9a81ab1d4a6a1c6eb9d6ce603ada98d410735de1cd5d3349728afbf0d
generated: "2026-04-08T20:56:44.607552-04:00"
=======
  version: 0.5.8
- name: llama-stack
  repository: https://rh-ai-quickstart.github.io/ai-architecture-charts
  version: 0.7.4
- name: pgvector
  repository: https://rh-ai-quickstart.github.io/ai-architecture-charts
  version: 0.5.0
digest: sha256:eb2dc8136c0525a33504244557be0c54f07b9e0bcfef6ee282dfe815b8d0ae73
generated: "2026-04-22T16:08:10.851527-04:00"
>>>>>>> 3eb9a450 (chore: migrate to official llama-stack chart 0.7.4)
